
Microsoft Visual Studio Solution File, Format Version 12.00
# Visual Studio Version 16
VisualStudioVersion = 16.0.31729.503
MinimumVisualStudioVersion = 10.0.40219.1
Project("{FAE04EC0-301F-11D3-BF4B-00C04F79EFBC}") = "Task1.Api", "Task1Backend\Task1.Api.csproj", "{25BFCAC3-ACF1-4B00-A357-9222D661EB2F}"
EndProject
Project("{FAE04EC0-301F-11D3-BF4B-00C04F79EFBC}") = "Task1.Models", "task1.Models\Task1.Models.csproj", "{38CB7851-5CDC-4305-9B0B-1A3F50B7A919}"
EndProject
Global
	GlobalSection(SolutionConfigurationPlatforms) = preSolution
		Debug|Any CPU = Debug|Any CPU
		Release|Any CPU = Release|Any CPU
	EndGlobalSection
	GlobalSection(ProjectConfigurationPlatforms) = postSolution
		{25BFCAC3-ACF1-4B00-A357-9222D661EB2F}.Debug|Any CPU.ActiveCfg = Debug|Any CPU
		{25BFCAC3-ACF1-4B00-A357-9222D661EB2F}.Debug|Any CPU.Build.0 = Debug|Any CPU
		{25BFCAC3-ACF1-4B00-A357-9222D661EB2F}.Release|Any CPU.ActiveCfg = Release|Any CPU
		{25BFCAC3-ACF1-4B00-A357-9222D661EB2F}.Release|Any CPU.Build.0 = Release|Any CPU
		{38CB7851-5CDC-4305-9B0B-1A3F50B7A919}.Debug|Any CPU.ActiveCfg = Debug|Any CPU
		{38CB7851-5CDC-4305-9B0B-1A3F50B7A919}.Debug|Any CPU.Build.0 = Debug|Any CPU
		{38CB7851-5CDC-4305-9B0B-1A3F50B7A919}.Release|Any CPU.ActiveCfg = Release|Any CPU
		{38CB7851-5CDC-4305-9B0B-1A3F50B7A919}.Release|Any CPU.Build.0 = Release|Any CPU
	EndGlobalSection
	GlobalSection(SolutionProperties) = preSolution
		HideSolutionNode = FALSE
	EndGlobalSection
	GlobalSection(ExtensibilityGlobals) = postSolution
		SolutionGuid = {589B9E8F-DA2D-4886-AEF5-39FEB2ED3261}
	EndGlobalSection
EndGlobal
